
Microsoft Visual Studio Solution File, Format Version 12.00
# Visual Studio Version 17
VisualStudioVersion = 17.4.33205.214
MinimumVisualStudioVersion = 10.0.40219.1
Project("{FAE04EC0-301F-11D3-BF4B-00C04F79EFBC}") = "SneakerStoreAPI", "SneakerStoreAPI\SneakerStoreAPI.csproj", "{F2BDC7F7-09A4-4B16-A3FE-16E8EDE27A8B}"
EndProject
Global
	GlobalSection(SolutionConfigurationPlatforms) = preSolution
		Debug|Any CPU = Debug|Any CPU
		Release|Any CPU = Release|Any CPU
	EndGlobalSection
	GlobalSection(ProjectConfigurationPlatforms) = postSolution
		{F2BDC7F7-09A4-4B16-A3FE-16E8EDE27A8B}.Debug|Any CPU.ActiveCfg = Debug|Any CPU
		{F2BDC7F7-09A4-4B16-A3FE-16E8EDE27A8B}.Debug|Any CPU.Build.0 = Debug|Any CPU
		{F2BDC7F7-09A4-4B16-A3FE-16E8EDE27A8B}.Release|Any CPU.ActiveCfg = Release|Any CPU
		{F2BDC7F7-09A4-4B16-A3FE-16E8EDE27A8B}.Release|Any CPU.Build.0 = Release|Any CPU
	EndGlobalSection
	GlobalSection(SolutionProperties) = preSolution
		HideSolutionNode = FALSE
	EndGlobalSection
	GlobalSection(ExtensibilityGlobals) = postSolution
		SolutionGuid = {CEA2B937-2C31-485F-A73E-F761E37ADB97}
	EndGlobalSection
EndGlobal
